// !$*UTF8*$!
{
	archiveVersion = 1;
	classes = {
	};
	objectVersion = 45;
	objects = {

/* Begin PBXBuildFile section */
		1B5FE5151B28BEAC00EED2A1 /* Syphon.framework in CopyFiles */ = {isa = PBXBuildFile; fileRef = 1B5FE5111B28BE7B00EED2A1 /* Syphon.framework */; settings = {ATTRIBUTES = (RemoveHeadersOnCopy, ); }; };
		1B5FE5181B28C2EA00EED2A1 /* Syphon.framework in Frameworks */ = {isa = PBXBuildFile; fileRef = 1B5FE5111B28BE7B00EED2A1 /* Syphon.framework */; };
		1BF166A1293DAB99004D5608 /* Metal.framework in Frameworks */ = {isa = PBXBuildFile; fileRef = 1BF166A0293DAB99004D5608 /* Metal.framework */; };
		7E27144514BAAD78008769A1 /* SyphonTransmitter.cpp in Sources */ = {isa = PBXBuildFile; fileRef = 7E27144214BAAD78008769A1 /* SyphonTransmitter.cpp */; };
		7E27144614BAAD78008769A1 /* SyphonTransmitterPlugin.mm in Sources */ = {isa = PBXBuildFile; fileRef = 7E27144314BAAD78008769A1 /* SyphonTransmitterPlugin.mm */; };
		7E48CD0F1700FCA400D1EFDC /* Cocoa.framework in Frameworks */ = {isa = PBXBuildFile; fileRef = 7E48CD0E1700FCA400D1EFDC /* Cocoa.framework */; };
		7EFEE1D115E5641300B7561D /* Foundation.framework in Frameworks */ = {isa = PBXBuildFile; fileRef = 7EFEE1D015E5641300B7561D /* Foundation.framework */; };
		7EFEE21715E56F6400B7561D /* SDK_File.cpp in Sources */ = {isa = PBXBuildFile; fileRef = 7EFEE21615E56F6400B7561D /* SDK_File.cpp */; };
		8D576314048677EA00EA77CD /* CoreFoundation.framework in Frameworks */ = {isa = PBXBuildFile; fileRef = 0AA1909FFE8422F4C02AAC07 /* CoreFoundation.framework */; };
		8D5B49A804867FD3000E48DA /* InfoPlist.strings in Resources */ = {isa = PBXBuildFile; fileRef = 8D5B49A704867FD3000E48DA /* InfoPlist.strings */; };
/* End PBXBuildFile section */

/* Begin PBXContainerItemProxy section */
		1B5FE5101B28BE7B00EED2A1 /* PBXContainerItemProxy */ = {
			isa = PBXContainerItemProxy;
			containerPortal = 1B5FE50B1B28BE7B00EED2A1 /* Syphon.xcodeproj */;
			proxyType = 2;
			remoteGlobalIDString = 8DC2EF5B0486A6940098B216;
			remoteInfo = Syphon;
		};
		1B5FE5161B28C29700EED2A1 /* PBXContainerItemProxy */ = {
			isa = PBXContainerItemProxy;
			containerPortal = 1B5FE50B1B28BE7B00EED2A1 /* Syphon.xcodeproj */;
			proxyType = 1;
			remoteGlobalIDString = 8DC2EF4F0486A6940098B216;
			remoteInfo = Syphon;
		};
/* End PBXContainerItemProxy section */

/* Begin PBXCopyFilesBuildPhase section */
		1B006DED1B0BE9D500B7A99C /* CopyFiles */ = {
			isa = PBXCopyFilesBuildPhase;
			buildActionMask = 2147483647;
			dstPath = "";
			dstSubfolderSpec = 10;
			files = (
				1B5FE5151B28BEAC00EED2A1 /* Syphon.framework in CopyFiles */,
			);
			runOnlyForDeploymentPostprocessing = 0;
		};
/* End PBXCopyFilesBuildPhase section */

/* Begin PBXFileReference section */
		089C167EFE841241C02AAC07 /* English */ = {isa = PBXFileReference; fileEncoding = 4; lastKnownFileType = text.plist.strings; name = English; path = English.lproj/InfoPlist.strings; sourceTree = "<group>"; };
		0AA1909FFE8422F4C02AAC07 /* CoreFoundation.framework */ = {isa = PBXFileReference; lastKnownFileType = wrapper.framework; name = CoreFoundation.framework; path = /System/Library/Frameworks/CoreFoundation.framework; sourceTree = "<absolute>"; };
		1B006DEB1B0BCBFE00B7A99C /* OpenGL.framework */ = {isa = PBXFileReference; lastKnownFileType = wrapper.framework; name = OpenGL.framework; path = Platforms/MacOSX.platform/Developer/SDKs/MacOSX10.10.sdk/System/Library/Frameworks/OpenGL.framework; sourceTree = DEVELOPER_DIR; };
		1B5FE50B1B28BE7B00EED2A1 /* Syphon.xcodeproj */ = {isa = PBXFileReference; lastKnownFileType = "wrapper.pb-project"; name = Syphon.xcodeproj; path = "../../Syphon-Framework/Syphon.xcodeproj"; sourceTree = "<group>"; };
		1BF166A0293DAB99004D5608 /* Metal.framework */ = {isa = PBXFileReference; lastKnownFileType = wrapper.framework; name = Metal.framework; path = System/Library/Frameworks/Metal.framework; sourceTree = SDKROOT; };
		7E27144214BAAD78008769A1 /* SyphonTransmitter.cpp */ = {isa = PBXFileReference; fileEncoding = 4; lastKnownFileType = sourcecode.cpp.cpp; name = SyphonTransmitter.cpp; path = ../SyphonTransmitter.cpp; sourceTree = SOURCE_ROOT; };
		7E27144314BAAD78008769A1 /* SyphonTransmitterPlugin.mm */ = {isa = PBXFileReference; fileEncoding = 4; lastKnownFileType = sourcecode.cpp.objcpp; name = SyphonTransmitterPlugin.mm; path = ../SyphonTransmitterPlugin.mm; sourceTree = SOURCE_ROOT; };
		7E27144414BAAD78008769A1 /* SyphonTransmitterPlugin.h */ = {isa = PBXFileReference; fileEncoding = 4; lastKnownFileType = sourcecode.c.h; name = SyphonTransmitterPlugin.h; path = ../SyphonTransmitterPlugin.h; sourceTree = SOURCE_ROOT; };
		7E27144714BAAE3B008769A1 /* PrSDKPPixSuite.h */ = {isa = PBXFileReference; fileEncoding = 4; lastKnownFileType = sourcecode.c.h; name = PrSDKPPixSuite.h; path = ../Adobe/Headers/PrSDKPPixSuite.h; sourceTree = SOURCE_ROOT; };
		7E27144814BAAE3B008769A1 /* PrSDKTransmit.h */ = {isa = PBXFileReference; fileEncoding = 4; lastKnownFileType = sourcecode.c.h; name = PrSDKTransmit.h; path = ../Adobe/Headers/PrSDKTransmit.h; sourceTree = SOURCE_ROOT; };
		7E48CD0E1700FCA400D1EFDC /* Cocoa.framework */ = {isa = PBXFileReference; lastKnownFileType = wrapper.framework; name = Cocoa.framework; path = /Applications/Xcode.app/Contents/Developer/Platforms/MacOSX.platform/Developer/SDKs/MacOSX10.7.sdk/System/Library/Frameworks/Cocoa.framework; sourceTree = "<absolute>"; };
		7EFEE1D015E5641300B7561D /* Foundation.framework */ = {isa = PBXFileReference; lastKnownFileType = wrapper.framework; name = Foundation.framework; path = System/Library/Frameworks/Foundation.framework; sourceTree = SDKROOT; };
		7EFEE20815E56EBE00B7561D /* SDK_File.h */ = {isa = PBXFileReference; fileEncoding = 4; lastKnownFileType = sourcecode.c.h; name = SDK_File.h; path = ../Adobe/Utils/SDK_File.h; sourceTree = SOURCE_ROOT; };
		7EFEE21615E56F6400B7561D /* SDK_File.cpp */ = {isa = PBXFileReference; fileEncoding = 4; lastKnownFileType = sourcecode.cpp.cpp; name = SDK_File.cpp; path = ../Adobe/Utils/SDK_File.cpp; sourceTree = SOURCE_ROOT; };
		8D576316048677EA00EA77CD /* Syphon Transmit.bundle */ = {isa = PBXFileReference; explicitFileType = wrapper.cfbundle; includeInIndex = 0; path = "Syphon Transmit.bundle"; sourceTree = BUILT_PRODUCTS_DIR; };
		8D576317048677EA00EA77CD /* Info.plist */ = {isa = PBXFileReference; fileEncoding = 4; lastKnownFileType = text.plist.xml; path = Info.plist; sourceTree = "<group>"; };
/* End PBXFileReference section */

/* Begin PBXFrameworksBuildPhase section */
		8D576313048677EA00EA77CD /* Frameworks */ = {
			isa = PBXFrameworksBuildPhase;
			buildActionMask = 2147483647;
			files = (
				1BF166A1293DAB99004D5608 /* Metal.framework in Frameworks */,
				1B5FE5181B28C2EA00EED2A1 /* Syphon.framework in Frameworks */,
				8D576314048677EA00EA77CD /* CoreFoundation.framework in Frameworks */,
				7EFEE1D115E5641300B7561D /* Foundation.framework in Frameworks */,
				7E48CD0F1700FCA400D1EFDC /* Cocoa.framework in Frameworks */,
			);
			runOnlyForDeploymentPostprocessing = 0;
		};
/* End PBXFrameworksBuildPhase section */

/* Begin PBXGroup section */
		089C166AFE841209C02AAC07 /* Transmitter */ = {
			isa = PBXGroup;
			children = (
				1B5FE50B1B28BE7B00EED2A1 /* Syphon.xcodeproj */,
				08FB77AFFE84173DC02AAC07 /* Source */,
				089C167CFE841241C02AAC07 /* Resources */,
				089C1671FE841209C02AAC07 /* External Frameworks and Libraries */,
				19C28FB6FE9D52B211CA2CBB /* Products */,
				1BF1669F293DAB99004D5608 /* Frameworks */,
			);
			name = Transmitter;
			sourceTree = "<group>";
		};
		089C1671FE841209C02AAC07 /* External Frameworks and Libraries */ = {
			isa = PBXGroup;
			children = (
				7EFEE21615E56F6400B7561D /* SDK_File.cpp */,
				7EFEE20815E56EBE00B7561D /* SDK_File.h */,
				7E27144714BAAE3B008769A1 /* PrSDKPPixSuite.h */,
				7E27144814BAAE3B008769A1 /* PrSDKTransmit.h */,
				1B006DEB1B0BCBFE00B7A99C /* OpenGL.framework */,
				0AA1909FFE8422F4C02AAC07 /* CoreFoundation.framework */,
				7E48CD0E1700FCA400D1EFDC /* Cocoa.framework */,
				7EFEE1D015E5641300B7561D /* Foundation.framework */,
			);
			name = "External Frameworks and Libraries";
			sourceTree = "<group>";
		};
		089C167CFE841241C02AAC07 /* Resources */ = {
			isa = PBXGroup;
			children = (
				8D576317048677EA00EA77CD /* Info.plist */,
				8D5B49A704867FD3000E48DA /* InfoPlist.strings */,
			);
			name = Resources;
			sourceTree = "<group>";
		};
		08FB77AFFE84173DC02AAC07 /* Source */ = {
			isa = PBXGroup;
			children = (
				7E27144214BAAD78008769A1 /* SyphonTransmitter.cpp */,
				7E27144314BAAD78008769A1 /* SyphonTransmitterPlugin.mm */,
				7E27144414BAAD78008769A1 /* SyphonTransmitterPlugin.h */,
			);
			name = Source;
			sourceTree = "<group>";
		};
		19C28FB6FE9D52B211CA2CBB /* Products */ = {
			isa = PBXGroup;
			children = (
				8D576316048677EA00EA77CD /* Syphon Transmit.bundle */,
			);
			name = Products;
			sourceTree = "<group>";
		};
		1B5FE50C1B28BE7B00EED2A1 /* Products */ = {
			isa = PBXGroup;
			children = (
				1B5FE5111B28BE7B00EED2A1 /* Syphon.framework */,
			);
			name = Products;
			sourceTree = "<group>";
		};
		1BF1669F293DAB99004D5608 /* Frameworks */ = {
			isa = PBXGroup;
			children = (
				1BF166A0293DAB99004D5608 /* Metal.framework */,
			);
			name = Frameworks;
			sourceTree = "<group>";
		};
/* End PBXGroup section */

/* Begin PBXNativeTarget section */
		8D57630D048677EA00EA77CD /* Syphon Transmit */ = {
			isa = PBXNativeTarget;
			buildConfigurationList = 1DEB911A08733D790010E9CD /* Build configuration list for PBXNativeTarget "Syphon Transmit" */;
			buildPhases = (
				8D57630F048677EA00EA77CD /* Resources */,
				8D576311048677EA00EA77CD /* Sources */,
				8D576313048677EA00EA77CD /* Frameworks */,
				1B006DED1B0BE9D500B7A99C /* CopyFiles */,
			);
			buildRules = (
			);
			dependencies = (
				1B5FE5171B28C29700EED2A1 /* PBXTargetDependency */,
			);
			name = "Syphon Transmit";
			productInstallPath = "$(HOME)/Library/Bundles";
			productName = Transmitter;
			productReference = 8D576316048677EA00EA77CD /* Syphon Transmit.bundle */;
			productType = "com.apple.product-type.bundle";
		};
/* End PBXNativeTarget section */

/* Begin PBXProject section */
		089C1669FE841209C02AAC07 /* Project object */ = {
			isa = PBXProject;
			attributes = {
				LastUpgradeCheck = 0450;
			};
			buildConfigurationList = 1DEB911E08733D790010E9CD /* Build configuration list for PBXProject "Syphon Transmit" */;
			compatibilityVersion = "Xcode 3.1";
			developmentRegion = English;
			hasScannedForEncodings = 1;
			knownRegions = (
				English,
				Japanese,
				French,
				German,
			);
			mainGroup = 089C166AFE841209C02AAC07 /* Transmitter */;
			projectDirPath = "";
			projectReferences = (
				{
					ProductGroup = 1B5FE50C1B28BE7B00EED2A1 /* Products */;
					ProjectRef = 1B5FE50B1B28BE7B00EED2A1 /* Syphon.xcodeproj */;
				},
			);
			projectRoot = "";
			targets = (
				8D57630D048677EA00EA77CD /* Syphon Transmit */,
			);
		};
/* End PBXProject section */

/* Begin PBXReferenceProxy section */
		1B5FE5111B28BE7B00EED2A1 /* Syphon.framework */ = {
			isa = PBXReferenceProxy;
			fileType = wrapper.framework;
			path = Syphon.framework;
			remoteRef = 1B5FE5101B28BE7B00EED2A1 /* PBXContainerItemProxy */;
			sourceTree = BUILT_PRODUCTS_DIR;
		};
/* End PBXReferenceProxy section */

/* Begin PBXResourcesBuildPhase section */
		8D57630F048677EA00EA77CD /* Resources */ = {
			isa = PBXResourcesBuildPhase;
			buildActionMask = 2147483647;
			files = (
				8D5B49A804867FD3000E48DA /* InfoPlist.strings in Resources */,
			);
			runOnlyForDeploymentPostprocessing = 0;
		};
/* End PBXResourcesBuildPhase section */

/* Begin PBXSourcesBuildPhase section */
		8D576311048677EA00EA77CD /* Sources */ = {
			isa = PBXSourcesBuildPhase;
			buildActionMask = 2147483647;
			files = (
				7E27144514BAAD78008769A1 /* SyphonTransmitter.cpp in Sources */,
				7E27144614BAAD78008769A1 /* SyphonTransmitterPlugin.mm in Sources */,
				7EFEE21715E56F6400B7561D /* SDK_File.cpp in Sources */,
			);
			runOnlyForDeploymentPostprocessing = 0;
		};
/* End PBXSourcesBuildPhase section */

/* Begin PBXTargetDependency section */
		1B5FE5171B28C29700EED2A1 /* PBXTargetDependency */ = {
			isa = PBXTargetDependency;
			name = Syphon;
			targetProxy = 1B5FE5161B28C29700EED2A1 /* PBXContainerItemProxy */;
		};
/* End PBXTargetDependency section */

/* Begin PBXVariantGroup section */
		8D5B49A704867FD3000E48DA /* InfoPlist.strings */ = {
			isa = PBXVariantGroup;
			children = (
				089C167EFE841241C02AAC07 /* English */,
			);
			name = InfoPlist.strings;
			sourceTree = "<group>";
		};
/* End PBXVariantGroup section */

/* Begin XCBuildConfiguration section */
		1DEB911B08733D790010E9CD /* Debug */ = {
			isa = XCBuildConfiguration;
			buildSettings = {
				ALWAYS_SEARCH_USER_PATHS = NO;
				COMBINE_HIDPI_IMAGES = YES;
				COPY_PHASE_STRIP = NO;
				FRAMEWORK_SEARCH_PATHS = (
					"$(inherited)",
					"$(PROJECT_DIR)",
				);
				GCC_DYNAMIC_NO_PIC = NO;
				GCC_MODEL_TUNING = G5;
				GCC_OPTIMIZATION_LEVEL = 0;
				HEADER_SEARCH_PATHS = (
					../Adobe/Headers/,
					../Adobe/Utils/,
				);
				INFOPLIST_FILE = Info.plist;
				INSTALL_PATH = "$(HOME)/Library/Bundles";
				LD_RUNPATH_SEARCH_PATHS = "@loader_path/../Frameworks/$(EXECUTABLE_PATH)";
				LIBRARY_SEARCH_PATHS = "\"$(SRCROOT)/../Adobe\"";
				MARKETING_VERSION = "1.0 Beta 1";
				ONLY_ACTIVE_ARCH = YES;
				PRODUCT_BUNDLE_IDENTIFIER = "info.syphon.Syphon-Transmit";
				PRODUCT_NAME = "Syphon Transmit";
				SDKROOT = macosx;
				SYPHON_UNIQUE_CLASS_NAME_PREFIX = MercuryTransmit;
			};
			name = Debug;
		};
		1DEB911C08733D790010E9CD /* Release */ = {
			isa = XCBuildConfiguration;
			buildSettings = {
				ALWAYS_SEARCH_USER_PATHS = NO;
				COMBINE_HIDPI_IMAGES = YES;
				DEBUG_INFORMATION_FORMAT = "dwarf-with-dsym";
				FRAMEWORK_SEARCH_PATHS = (
					"$(inherited)",
					"$(PROJECT_DIR)",
				);
				GCC_MODEL_TUNING = G5;
				HEADER_SEARCH_PATHS = (
					../Adobe/Headers/,
					../Adobe/Utils/,
				);
				INFOPLIST_FILE = Info.plist;
				INSTALL_PATH = "$(HOME)/Library/Bundles";
				LD_RUNPATH_SEARCH_PATHS = "@loader_path/../Frameworks/$(EXECUTABLE_PATH)";
				LIBRARY_SEARCH_PATHS = "\"$(SRCROOT)/../Adobe\"";
				MARKETING_VERSION = "1.0 Beta 1";
				ONLY_ACTIVE_ARCH = NO;
				PRODUCT_BUNDLE_IDENTIFIER = "info.syphon.Syphon-Transmit";
				PRODUCT_NAME = "Syphon Transmit";
				SDKROOT = macosx;
				SYPHON_UNIQUE_CLASS_NAME_PREFIX = MercuryTransmit;
			};
			name = Release;
		};
		1DEB911F08733D790010E9CD /* Debug */ = {
			isa = XCBuildConfiguration;
			buildSettings = {
				GCC_C_LANGUAGE_STANDARD = gnu99;
				GCC_INLINES_ARE_PRIVATE_EXTERN = YES;
				GCC_INPUT_FILETYPE = sourcecode.cpp.objcpp;
				GCC_OPTIMIZATION_LEVEL = 0;
				GCC_SYMBOLS_PRIVATE_EXTERN = YES;
				GCC_WARN_ABOUT_RETURN_TYPE = YES;
				GCC_WARN_UNUSED_VARIABLE = YES;
				HEADER_SEARCH_PATHS = (
					../../../Headers/,
					../../../Utils/,
				);
				ONLY_ACTIVE_ARCH = NO;
				SDKROOT = macosx;
				WRAPPER_EXTENSION = bundle;
			};
			name = Debug;
		};
		1DEB912008733D790010E9CD /* Release */ = {
			isa = XCBuildConfiguration;
			buildSettings = {
				GCC_C_LANGUAGE_STANDARD = gnu99;
				GCC_INLINES_ARE_PRIVATE_EXTERN = YES;
				GCC_INPUT_FILETYPE = sourcecode.cpp.objcpp;
				GCC_SYMBOLS_PRIVATE_EXTERN = YES;
				GCC_WARN_ABOUT_RETURN_TYPE = YES;
				GCC_WARN_UNUSED_VARIABLE = YES;
				SDKROOT = macosx;
				WRAPPER_EXTENSION = bundle;
			};
			name = Release;
		};
/* End XCBuildConfiguration section */

/* Begin XCConfigurationList section */
		1DEB911A08733D790010E9CD /* Build configuration list for PBXNativeTarget "Syphon Transmit" */ = {
			isa = XCConfigurationList;
			buildConfigurations = (
				1DEB911B08733D790010E9CD /* Debug */,
				1DEB911C08733D790010E9CD /* Release */,
			);
			defaultConfigurationIsVisible = 0;
			defaultConfigurationName = Release;
		};
		1DEB911E08733D790010E9CD /* Build configuration list for PBXProject "Syphon Transmit" */ = {
			isa = XCConfigurationList;
			buildConfigurations = (
				1DEB911F08733D790010E9CD /* Debug */,
				1DEB912008733D790010E9CD /* Release */,
			);
			defaultConfigurationIsVisible = 0;
			defaultConfigurationName = Release;
		};
/* End XCConfigurationList section */
	};
	rootObject = 089C1669FE841209C02AAC07 /* Project object */;
}
